
Microsoft Visual Studio Solution File, Format Version 12.00
# Visual Studio 15
VisualStudioVersion = 15.0.27428.2011
MinimumVisualStudioVersion = 10.0.40219.1
Project("{FAE04EC0-301F-11D3-BF4B-00C04F79EFBC}") = "Customizacao.Desktop", "Interface\Customizacao.Desktop.csproj", "{7D5866FE-8848-40C5-BC38-3EC0E778D3C9}"
EndProject
Global
	GlobalSection(SolutionConfigurationPlatforms) = preSolution
		Debug|Any CPU = Debug|Any CPU
		Release|Any CPU = Release|Any CPU
	EndGlobalSection
	GlobalSection(ProjectConfigurationPlatforms) = postSolution
		{7D5866FE-8848-40C5-BC38-3EC0E778D3C9}.Debug|Any CPU.ActiveCfg = Debug|Any CPU
		{7D5866FE-8848-40C5-BC38-3EC0E778D3C9}.Debug|Any CPU.Build.0 = Debug|Any CPU
		{7D5866FE-8848-40C5-BC38-3EC0E778D3C9}.Release|Any CPU.ActiveCfg = Release|Any CPU
		{7D5866FE-8848-40C5-BC38-3EC0E778D3C9}.Release|Any CPU.Build.0 = Release|Any CPU
	EndGlobalSection
	GlobalSection(SolutionProperties) = preSolution
		HideSolutionNode = FALSE
	EndGlobalSection
	GlobalSection(ExtensibilityGlobals) = postSolution
		SolutionGuid = {9315A9BC-6DD4-4C3C-AB5D-A147175DA6C3}
	EndGlobalSection
EndGlobal
